
Microsoft Visual Studio Solution File, Format Version 12.00
# Visual Studio 2012
Project("{FAE04EC0-301F-11D3-BF4B-00C04F79EFBC}") = "Sopimusrekisteri.DAL_CF", "Sopimusrekisteri.DAL_CF\Sopimusrekisteri.DAL_CF.csproj", "{C596505E-3C1A-4B31-9ADC-6E3971EF6E9B}"
EndProject
Project("{FAE04EC0-301F-11D3-BF4B-00C04F79EFBC}") = "Sopimusrekisteri.BLL_CF", "Sopimusrekisteri.BLL_CF\Sopimusrekisteri.BLL_CF.csproj", "{C409AF1E-1626-4BA7-ABFF-F45EA79DA915}"
EndProject
Global
	GlobalSection(SolutionConfigurationPlatforms) = preSolution
		Debug|Any CPU = Debug|Any CPU
		Release|Any CPU = Release|Any CPU
	EndGlobalSection
	GlobalSection(ProjectConfigurationPlatforms) = postSolution
		{C596505E-3C1A-4B31-9ADC-6E3971EF6E9B}.Debug|Any CPU.ActiveCfg = Debug|Any CPU
		{C596505E-3C1A-4B31-9ADC-6E3971EF6E9B}.Debug|Any CPU.Build.0 = Debug|Any CPU
		{C596505E-3C1A-4B31-9ADC-6E3971EF6E9B}.Release|Any CPU.ActiveCfg = Release|Any CPU
		{C596505E-3C1A-4B31-9ADC-6E3971EF6E9B}.Release|Any CPU.Build.0 = Release|Any CPU
		{C409AF1E-1626-4BA7-ABFF-F45EA79DA915}.Debug|Any CPU.ActiveCfg = Debug|Any CPU
		{C409AF1E-1626-4BA7-ABFF-F45EA79DA915}.Debug|Any CPU.Build.0 = Debug|Any CPU
		{C409AF1E-1626-4BA7-ABFF-F45EA79DA915}.Release|Any CPU.ActiveCfg = Release|Any CPU
		{C409AF1E-1626-4BA7-ABFF-F45EA79DA915}.Release|Any CPU.Build.0 = Release|Any CPU
	EndGlobalSection
	GlobalSection(SolutionProperties) = preSolution
		HideSolutionNode = FALSE
	EndGlobalSection
EndGlobal
