
Microsoft Visual Studio Solution File, Format Version 12.00
# Visual Studio Version 17
VisualStudioVersion = 17.0.32112.339
MinimumVisualStudioVersion = 10.0.40219.1
Project("{FAE04EC0-301F-11D3-BF4B-00C04F79EFBC}") = "appIFSIntegraatio", "appIFSIntegraatio\appIFSIntegraatio.csproj", "{CD46E4CA-1E35-4A42-AF51-B41BED978322}"
EndProject
Project("{FAE04EC0-301F-11D3-BF4B-00C04F79EFBC}") = "Sopimusrekisteri.BLL_CF", "..\slnSopimusrekisteriLuokat\Sopimusrekisteri.BLL_CF\Sopimusrekisteri.BLL_CF.csproj", "{C409AF1E-1626-4BA7-ABFF-F45EA79DA915}"
EndProject
Project("{FAE04EC0-301F-11D3-BF4B-00C04F79EFBC}") = "Sopimusrekisteri.DAL_CF", "..\slnSopimusrekisteriLuokat\Sopimusrekisteri.DAL_CF\Sopimusrekisteri.DAL_CF.csproj", "{C596505E-3C1A-4B31-9ADC-6E3971EF6E9B}"
EndProject
Project("{FAE04EC0-301F-11D3-BF4B-00C04F79EFBC}") = "KT.Utils", "..\KT.Utils\KT.Utils\KT.Utils.csproj", "{7FFF279E-6AA1-4E11-8DFC-BD4AC33A31DC}"
EndProject
Global
	GlobalSection(SolutionConfigurationPlatforms) = preSolution
		Debug|Any CPU = Debug|Any CPU
		Release|Any CPU = Release|Any CPU
	EndGlobalSection
	GlobalSection(ProjectConfigurationPlatforms) = postSolution
		{CD46E4CA-1E35-4A42-AF51-B41BED978322}.Debug|Any CPU.ActiveCfg = Debug|Any CPU
		{CD46E4CA-1E35-4A42-AF51-B41BED978322}.Debug|Any CPU.Build.0 = Debug|Any CPU
		{CD46E4CA-1E35-4A42-AF51-B41BED978322}.Release|Any CPU.ActiveCfg = Release|Any CPU
		{CD46E4CA-1E35-4A42-AF51-B41BED978322}.Release|Any CPU.Build.0 = Release|Any CPU
		{C409AF1E-1626-4BA7-ABFF-F45EA79DA915}.Debug|Any CPU.ActiveCfg = Debug|Any CPU
		{C409AF1E-1626-4BA7-ABFF-F45EA79DA915}.Debug|Any CPU.Build.0 = Debug|Any CPU
		{C409AF1E-1626-4BA7-ABFF-F45EA79DA915}.Release|Any CPU.ActiveCfg = Release|Any CPU
		{C409AF1E-1626-4BA7-ABFF-F45EA79DA915}.Release|Any CPU.Build.0 = Release|Any CPU
		{C596505E-3C1A-4B31-9ADC-6E3971EF6E9B}.Debug|Any CPU.ActiveCfg = Debug|Any CPU
		{C596505E-3C1A-4B31-9ADC-6E3971EF6E9B}.Debug|Any CPU.Build.0 = Debug|Any CPU
		{C596505E-3C1A-4B31-9ADC-6E3971EF6E9B}.Release|Any CPU.ActiveCfg = Release|Any CPU
		{C596505E-3C1A-4B31-9ADC-6E3971EF6E9B}.Release|Any CPU.Build.0 = Release|Any CPU
		{7FFF279E-6AA1-4E11-8DFC-BD4AC33A31DC}.Debug|Any CPU.ActiveCfg = Debug|Any CPU
		{7FFF279E-6AA1-4E11-8DFC-BD4AC33A31DC}.Debug|Any CPU.Build.0 = Debug|Any CPU
		{7FFF279E-6AA1-4E11-8DFC-BD4AC33A31DC}.Release|Any CPU.ActiveCfg = Release|Any CPU
		{7FFF279E-6AA1-4E11-8DFC-BD4AC33A31DC}.Release|Any CPU.Build.0 = Release|Any CPU
	EndGlobalSection
	GlobalSection(SolutionProperties) = preSolution
		HideSolutionNode = FALSE
	EndGlobalSection
	GlobalSection(ExtensibilityGlobals) = postSolution
		SolutionGuid = {D505C543-4E1C-4B47-B06B-C03342DA2EEF}
	EndGlobalSection
EndGlobal
